// !$*UTF8*$!
{
	archiveVersion = 1;
	classes = {
	};
	objectVersion = 46;
	objects = {

/* Begin PBXBuildFile section */
		37F78E551FBAAFBB761F50D7 /* Pods_PelicanTests.framework in Frameworks */ = {isa = PBXBuildFile; fileRef = 4BAF571E472BD6F4D6AB78CF /* Pods_PelicanTests.framework */; };
		5F8088A9F5B8AB61F6AE204D /* Pods_Pelican.framework in Frameworks */ = {isa = PBXBuildFile; fileRef = 5913853E67FDD1A2EF940200 /* Pods_Pelican.framework */; };
		7821DB521DF21FBF008C81E2 /* ActiveChallengesViewController.swift in Sources */ = {isa = PBXBuildFile; fileRef = 7821DB511DF21FBF008C81E2 /* ActiveChallengesViewController.swift */; };
		7821DB561DF22DF8008C81E2 /* NavigationTableViewController.swift in Sources */ = {isa = PBXBuildFile; fileRef = 7821DB551DF22DF8008C81E2 /* NavigationTableViewController.swift */; };
		78955E231DFA27C50013928E /* Challenge.swift in Sources */ = {isa = PBXBuildFile; fileRef = 78955E221DFA27C50013928E /* Challenge.swift */; };
		78955E271DFA32080013928E /* ChallengeAnnotation.swift in Sources */ = {isa = PBXBuildFile; fileRef = 78955E261DFA32080013928E /* ChallengeAnnotation.swift */; };
		78955E291DFA3E2B0013928E /* ChallengeAnnotationView.swift in Sources */ = {isa = PBXBuildFile; fileRef = 78955E281DFA3E2B0013928E /* ChallengeAnnotationView.swift */; };
		78955E301DFA697B0013928E /* ChallengeAnnotationDetailView.swift in Sources */ = {isa = PBXBuildFile; fileRef = 78955E2F1DFA697B0013928E /* ChallengeAnnotationDetailView.swift */; };
		78955E321DFA78B70013928E /* Constants.swift in Sources */ = {isa = PBXBuildFile; fileRef = 78955E311DFA78B70013928E /* Constants.swift */; };
		78955E341DFA8FC20013928E /* AttemptGroupChallengeViewController.swift in Sources */ = {isa = PBXBuildFile; fileRef = 78955E331DFA8FC20013928E /* AttemptGroupChallengeViewController.swift */; };
		78955E361DFA8FD10013928E /* AttemptSoloChallengeViewController.swift in Sources */ = {isa = PBXBuildFile; fileRef = 78955E351DFA8FD10013928E /* AttemptSoloChallengeViewController.swift */; };
		78955E381DFAB50D0013928E /* GroupChallengeSettingsViewController.swift in Sources */ = {isa = PBXBuildFile; fileRef = 78955E371DFAB50D0013928E /* GroupChallengeSettingsViewController.swift */; };
		78955E3B1DFACAE50013928E /* GroupChallengeDateViewController.swift in Sources */ = {isa = PBXBuildFile; fileRef = 78955E3A1DFACAE50013928E /* GroupChallengeDateViewController.swift */; };
		78955E3D1DFAD53A0013928E /* ChallengeAddedViewController.swift in Sources */ = {isa = PBXBuildFile; fileRef = 78955E3C1DFAD53A0013928E /* ChallengeAddedViewController.swift */; };
		78955E3F1DFADCEB0013928E /* SoloChallengesAnnotationView.swift in Sources */ = {isa = PBXBuildFile; fileRef = 78955E3E1DFADCEB0013928E /* SoloChallengesAnnotationView.swift */; };
		78955E411DFADE100013928E /* SoloChallengesAnnotation.swift in Sources */ = {isa = PBXBuildFile; fileRef = 78955E401DFADE100013928E /* SoloChallengesAnnotation.swift */; };
		78955E431DFAE18A0013928E /* SoloChallengesAnnotationDetailView.swift in Sources */ = {isa = PBXBuildFile; fileRef = 78955E421DFAE18A0013928E /* SoloChallengesAnnotationDetailView.swift */; };
		78955E451DFAF7100013928E /* FeedEntry.swift in Sources */ = {isa = PBXBuildFile; fileRef = 78955E441DFAF7100013928E /* FeedEntry.swift */; };
		78955E471DFB3D2C0013928E /* FeedTableViewCell.swift in Sources */ = {isa = PBXBuildFile; fileRef = 78955E461DFB3D2C0013928E /* FeedTableViewCell.swift */; };
		78BB00DA1DF0F37100C655C1 /* AppDelegate.swift in Sources */ = {isa = PBXBuildFile; fileRef = 78BB00D91DF0F37100C655C1 /* AppDelegate.swift */; };
		78BB00DF1DF0F37100C655C1 /* Main.storyboard in Resources */ = {isa = PBXBuildFile; fileRef = 78BB00DD1DF0F37100C655C1 /* Main.storyboard */; };
		78BB00E11DF0F37100C655C1 /* Assets.xcassets in Resources */ = {isa = PBXBuildFile; fileRef = 78BB00E01DF0F37100C655C1 /* Assets.xcassets */; };
		78BB00E41DF0F37100C655C1 /* LaunchScreen.storyboard in Resources */ = {isa = PBXBuildFile; fileRef = 78BB00E21DF0F37100C655C1 /* LaunchScreen.storyboard */; };
		78BB00EF1DF0F37100C655C1 /* PelicanTests.swift in Sources */ = {isa = PBXBuildFile; fileRef = 78BB00EE1DF0F37100C655C1 /* PelicanTests.swift */; };
		78BB00FB1DF0F3E500C655C1 /* LICENSE.txt in Resources */ = {isa = PBXBuildFile; fileRef = 78BB00FA1DF0F3E500C655C1 /* LICENSE.txt */; };
		78BB00FF1DF0F3F700C655C1 /* SWRevealViewController.m in Sources */ = {isa = PBXBuildFile; fileRef = 78BB00FE1DF0F3F700C655C1 /* SWRevealViewController.m */; };
		78BB01011DF0F8A800C655C1 /* DiscoverViewController.swift in Sources */ = {isa = PBXBuildFile; fileRef = 78BB01001DF0F8A800C655C1 /* DiscoverViewController.swift */; };
		78BB01031DF0FAAB00C655C1 /* FeedViewController.swift in Sources */ = {isa = PBXBuildFile; fileRef = 78BB01021DF0FAAB00C655C1 /* FeedViewController.swift */; };
		78BB01051DF0FABA00C655C1 /* FriendsViewController.swift in Sources */ = {isa = PBXBuildFile; fileRef = 78BB01041DF0FABA00C655C1 /* FriendsViewController.swift */; };
		78BB01071DF0FAC400C655C1 /* ProgressViewController.swift in Sources */ = {isa = PBXBuildFile; fileRef = 78BB01061DF0FAC400C655C1 /* ProgressViewController.swift */; };
		78BB010B1DF106B300C655C1 /* SWRevealNavigationBar.swift in Sources */ = {isa = PBXBuildFile; fileRef = 78BB010A1DF106B300C655C1 /* SWRevealNavigationBar.swift */; };
		78BB010D1DF1268D00C655C1 /* LeaderboardTableViewCell.swift in Sources */ = {isa = PBXBuildFile; fileRef = 78BB010C1DF1268D00C655C1 /* LeaderboardTableViewCell.swift */; };
		78BB01101DF1310D00C655C1 /* AppData.swift in Sources */ = {isa = PBXBuildFile; fileRef = 78BB010F1DF1310D00C655C1 /* AppData.swift */; };
		78BB01121DF1318800C655C1 /* User.swift in Sources */ = {isa = PBXBuildFile; fileRef = 78BB01111DF1318800C655C1 /* User.swift */; };
/* End PBXBuildFile section */

/* Begin PBXContainerItemProxy section */
		78BB00EB1DF0F37100C655C1 /* PBXContainerItemProxy */ = {
			isa = PBXContainerItemProxy;
			containerPortal = 78BB00CE1DF0F37100C655C1 /* Project object */;
			proxyType = 1;
			remoteGlobalIDString = 78BB00D51DF0F37100C655C1;
			remoteInfo = Pelican;
		};
/* End PBXContainerItemProxy section */

/* Begin PBXFileReference section */
		2EEEFE5FFCC908C54CDA0366 /* Pods-PelicanTests.debug.xcconfig */ = {isa = PBXFileReference; includeInIndex = 1; lastKnownFileType = text.xcconfig; name = "Pods-PelicanTests.debug.xcconfig"; path = "Pods/Target Support Files/Pods-PelicanTests/Pods-PelicanTests.debug.xcconfig"; sourceTree = "<group>"; };
		3C7FBBD21C70C7564CCF9A7E /* Pods-Pelican.debug.xcconfig */ = {isa = PBXFileReference; includeInIndex = 1; lastKnownFileType = text.xcconfig; name = "Pods-Pelican.debug.xcconfig"; path = "Pods/Target Support Files/Pods-Pelican/Pods-Pelican.debug.xcconfig"; sourceTree = "<group>"; };
		4BAF571E472BD6F4D6AB78CF /* Pods_PelicanTests.framework */ = {isa = PBXFileReference; explicitFileType = wrapper.framework; includeInIndex = 0; path = Pods_PelicanTests.framework; sourceTree = BUILT_PRODUCTS_DIR; };
		5913853E67FDD1A2EF940200 /* Pods_Pelican.framework */ = {isa = PBXFileReference; explicitFileType = wrapper.framework; includeInIndex = 0; path = Pods_Pelican.framework; sourceTree = BUILT_PRODUCTS_DIR; };
		7821DB511DF21FBF008C81E2 /* ActiveChallengesViewController.swift */ = {isa = PBXFileReference; fileEncoding = 4; lastKnownFileType = sourcecode.swift; path = ActiveChallengesViewController.swift; sourceTree = "<group>"; };
		7821DB551DF22DF8008C81E2 /* NavigationTableViewController.swift */ = {isa = PBXFileReference; fileEncoding = 4; lastKnownFileType = sourcecode.swift; path = NavigationTableViewController.swift; sourceTree = "<group>"; };
		78955E221DFA27C50013928E /* Challenge.swift */ = {isa = PBXFileReference; fileEncoding = 4; lastKnownFileType = sourcecode.swift; path = Challenge.swift; sourceTree = "<group>"; };
		78955E261DFA32080013928E /* ChallengeAnnotation.swift */ = {isa = PBXFileReference; fileEncoding = 4; lastKnownFileType = sourcecode.swift; path = ChallengeAnnotation.swift; sourceTree = "<group>"; };
		78955E281DFA3E2B0013928E /* ChallengeAnnotationView.swift */ = {isa = PBXFileReference; fileEncoding = 4; lastKnownFileType = sourcecode.swift; path = ChallengeAnnotationView.swift; sourceTree = "<group>"; };
		78955E2F1DFA697B0013928E /* ChallengeAnnotationDetailView.swift */ = {isa = PBXFileReference; fileEncoding = 4; lastKnownFileType = sourcecode.swift; path = ChallengeAnnotationDetailView.swift; sourceTree = "<group>"; };
		78955E311DFA78B70013928E /* Constants.swift */ = {isa = PBXFileReference; fileEncoding = 4; lastKnownFileType = sourcecode.swift; path = Constants.swift; sourceTree = "<group>"; };
		78955E331DFA8FC20013928E /* AttemptGroupChallengeViewController.swift */ = {isa = PBXFileReference; fileEncoding = 4; lastKnownFileType = sourcecode.swift; path = AttemptGroupChallengeViewController.swift; sourceTree = "<group>"; };
		78955E351DFA8FD10013928E /* AttemptSoloChallengeViewController.swift */ = {isa = PBXFileReference; fileEncoding = 4; lastKnownFileType = sourcecode.swift; path = AttemptSoloChallengeViewController.swift; sourceTree = "<group>"; };
		78955E371DFAB50D0013928E /* GroupChallengeSettingsViewController.swift */ = {isa = PBXFileReference; fileEncoding = 4; lastKnownFileType = sourcecode.swift; path = GroupChallengeSettingsViewController.swift; sourceTree = "<group>"; };
		78955E3A1DFACAE50013928E /* GroupChallengeDateViewController.swift */ = {isa = PBXFileReference; fileEncoding = 4; lastKnownFileType = sourcecode.swift; path = GroupChallengeDateViewController.swift; sourceTree = "<group>"; };
		78955E3C1DFAD53A0013928E /* ChallengeAddedViewController.swift */ = {isa = PBXFileReference; fileEncoding = 4; lastKnownFileType = sourcecode.swift; path = ChallengeAddedViewController.swift; sourceTree = "<group>"; };
		78955E3E1DFADCEB0013928E /* SoloChallengesAnnotationView.swift */ = {isa = PBXFileReference; fileEncoding = 4; lastKnownFileType = sourcecode.swift; path = SoloChallengesAnnotationView.swift; sourceTree = "<group>"; };
		78955E401DFADE100013928E /* SoloChallengesAnnotation.swift */ = {isa = PBXFileReference; fileEncoding = 4; lastKnownFileType = sourcecode.swift; path = SoloChallengesAnnotation.swift; sourceTree = "<group>"; };
		78955E421DFAE18A0013928E /* SoloChallengesAnnotationDetailView.swift */ = {isa = PBXFileReference; fileEncoding = 4; lastKnownFileType = sourcecode.swift; path = SoloChallengesAnnotationDetailView.swift; sourceTree = "<group>"; };
		78955E441DFAF7100013928E /* FeedEntry.swift */ = {isa = PBXFileReference; fileEncoding = 4; lastKnownFileType = sourcecode.swift; path = FeedEntry.swift; sourceTree = "<group>"; };
		78955E461DFB3D2C0013928E /* FeedTableViewCell.swift */ = {isa = PBXFileReference; fileEncoding = 4; lastKnownFileType = sourcecode.swift; path = FeedTableViewCell.swift; sourceTree = "<group>"; };
		78BB00D61DF0F37100C655C1 /* Pelican.app */ = {isa = PBXFileReference; explicitFileType = wrapper.application; includeInIndex = 0; path = Pelican.app; sourceTree = BUILT_PRODUCTS_DIR; };
		78BB00D91DF0F37100C655C1 /* AppDelegate.swift */ = {isa = PBXFileReference; lastKnownFileType = sourcecode.swift; path = AppDelegate.swift; sourceTree = "<group>"; };
		78BB00DE1DF0F37100C655C1 /* Base */ = {isa = PBXFileReference; lastKnownFileType = file.storyboard; name = Base; path = Base.lproj/Main.storyboard; sourceTree = "<group>"; };
		78BB00E01DF0F37100C655C1 /* Assets.xcassets */ = {isa = PBXFileReference; lastKnownFileType = folder.assetcatalog; path = Assets.xcassets; sourceTree = "<group>"; };
		78BB00E31DF0F37100C655C1 /* Base */ = {isa = PBXFileReference; lastKnownFileType = file.storyboard; name = Base; path = Base.lproj/LaunchScreen.storyboard; sourceTree = "<group>"; };
		78BB00E51DF0F37100C655C1 /* Info.plist */ = {isa = PBXFileReference; lastKnownFileType = text.plist.xml; path = Info.plist; sourceTree = "<group>"; };
		78BB00EA1DF0F37100C655C1 /* PelicanTests.xctest */ = {isa = PBXFileReference; explicitFileType = wrapper.cfbundle; includeInIndex = 0; path = PelicanTests.xctest; sourceTree = BUILT_PRODUCTS_DIR; };
		78BB00EE1DF0F37100C655C1 /* PelicanTests.swift */ = {isa = PBXFileReference; lastKnownFileType = sourcecode.swift; path = PelicanTests.swift; sourceTree = "<group>"; };
		78BB00F01DF0F37100C655C1 /* Info.plist */ = {isa = PBXFileReference; lastKnownFileType = text.plist.xml; path = Info.plist; sourceTree = "<group>"; };
		78BB00FA1DF0F3E500C655C1 /* LICENSE.txt */ = {isa = PBXFileReference; fileEncoding = 4; lastKnownFileType = text; path = LICENSE.txt; sourceTree = "<group>"; };
		78BB00FC1DF0F3F700C655C1 /* Pelican-Bridging-Header.h */ = {isa = PBXFileReference; lastKnownFileType = sourcecode.c.h; path = "Pelican-Bridging-Header.h"; sourceTree = "<group>"; };
		78BB00FD1DF0F3F700C655C1 /* SWRevealViewController.h */ = {isa = PBXFileReference; fileEncoding = 4; lastKnownFileType = sourcecode.c.h; path = SWRevealViewController.h; sourceTree = "<group>"; };
		78BB00FE1DF0F3F700C655C1 /* SWRevealViewController.m */ = {isa = PBXFileReference; fileEncoding = 4; lastKnownFileType = sourcecode.c.objc; path = SWRevealViewController.m; sourceTree = "<group>"; };
		78BB01001DF0F8A800C655C1 /* DiscoverViewController.swift */ = {isa = PBXFileReference; fileEncoding = 4; lastKnownFileType = sourcecode.swift; path = DiscoverViewController.swift; sourceTree = "<group>"; };
		78BB01021DF0FAAB00C655C1 /* FeedViewController.swift */ = {isa = PBXFileReference; fileEncoding = 4; lastKnownFileType = sourcecode.swift; path = FeedViewController.swift; sourceTree = "<group>"; };
		78BB01041DF0FABA00C655C1 /* FriendsViewController.swift */ = {isa = PBXFileReference; fileEncoding = 4; lastKnownFileType = sourcecode.swift; path = FriendsViewController.swift; sourceTree = "<group>"; };
		78BB01061DF0FAC400C655C1 /* ProgressViewController.swift */ = {isa = PBXFileReference; fileEncoding = 4; lastKnownFileType = sourcecode.swift; path = ProgressViewController.swift; sourceTree = "<group>"; };
		78BB010A1DF106B300C655C1 /* SWRevealNavigationBar.swift */ = {isa = PBXFileReference; fileEncoding = 4; lastKnownFileType = sourcecode.swift; path = SWRevealNavigationBar.swift; sourceTree = "<group>"; };
		78BB010C1DF1268D00C655C1 /* LeaderboardTableViewCell.swift */ = {isa = PBXFileReference; fileEncoding = 4; lastKnownFileType = sourcecode.swift; path = LeaderboardTableViewCell.swift; sourceTree = "<group>"; };
		78BB010F1DF1310D00C655C1 /* AppData.swift */ = {isa = PBXFileReference; fileEncoding = 4; lastKnownFileType = sourcecode.swift; path = AppData.swift; sourceTree = "<group>"; };
		78BB01111DF1318800C655C1 /* User.swift */ = {isa = PBXFileReference; fileEncoding = 4; lastKnownFileType = sourcecode.swift; path = User.swift; sourceTree = "<group>"; };
		B885E4B1378310E05C5861D3 /* Pods-Pelican.release.xcconfig */ = {isa = PBXFileReference; includeInIndex = 1; lastKnownFileType = text.xcconfig; name = "Pods-Pelican.release.xcconfig"; path = "Pods/Target Support Files/Pods-Pelican/Pods-Pelican.release.xcconfig"; sourceTree = "<group>"; };
		D48F24D1F64ACBAB3293E2BA /* Pods-PelicanTests.release.xcconfig */ = {isa = PBXFileReference; includeInIndex = 1; lastKnownFileType = text.xcconfig; name = "Pods-PelicanTests.release.xcconfig"; path = "Pods/Target Support Files/Pods-PelicanTests/Pods-PelicanTests.release.xcconfig"; sourceTree = "<group>"; };
/* End PBXFileReference section */

/* Begin PBXFrameworksBuildPhase section */
		78BB00D31DF0F37100C655C1 /* Frameworks */ = {
			isa = PBXFrameworksBuildPhase;
			buildActionMask = 2147483647;
			files = (
				5F8088A9F5B8AB61F6AE204D /* Pods_Pelican.framework in Frameworks */,
			);
			runOnlyForDeploymentPostprocessing = 0;
		};
		78BB00E71DF0F37100C655C1 /* Frameworks */ = {
			isa = PBXFrameworksBuildPhase;
			buildActionMask = 2147483647;
			files = (
				37F78E551FBAAFBB761F50D7 /* Pods_PelicanTests.framework in Frameworks */,
			);
			runOnlyForDeploymentPostprocessing = 0;
		};
/* End PBXFrameworksBuildPhase section */

/* Begin PBXGroup section */
		1DDD5A2ACB9DC54EC09E1D0A /* Pods */ = {
			isa = PBXGroup;
			children = (
				3C7FBBD21C70C7564CCF9A7E /* Pods-Pelican.debug.xcconfig */,
				B885E4B1378310E05C5861D3 /* Pods-Pelican.release.xcconfig */,
				2EEEFE5FFCC908C54CDA0366 /* Pods-PelicanTests.debug.xcconfig */,
				D48F24D1F64ACBAB3293E2BA /* Pods-PelicanTests.release.xcconfig */,
			);
			name = Pods;
			sourceTree = "<group>";
		};
		229131DF0C0987D2AAEF0DFE /* Frameworks */ = {
			isa = PBXGroup;
			children = (
				5913853E67FDD1A2EF940200 /* Pods_Pelican.framework */,
				4BAF571E472BD6F4D6AB78CF /* Pods_PelicanTests.framework */,
			);
			name = Frameworks;
			sourceTree = "<group>";
		};
		78955E241DFA2FC30013928E /* ViewControllers */ = {
			isa = PBXGroup;
			children = (
				78955E391DFACAC50013928E /* Group Challenge */,
				78BB01021DF0FAAB00C655C1 /* FeedViewController.swift */,
				7821DB511DF21FBF008C81E2 /* ActiveChallengesViewController.swift */,
				78BB01041DF0FABA00C655C1 /* FriendsViewController.swift */,
				78BB01061DF0FAC400C655C1 /* ProgressViewController.swift */,
				78BB01001DF0F8A800C655C1 /* DiscoverViewController.swift */,
				7821DB551DF22DF8008C81E2 /* NavigationTableViewController.swift */,
				78955E351DFA8FD10013928E /* AttemptSoloChallengeViewController.swift */,
				78955E3C1DFAD53A0013928E /* ChallengeAddedViewController.swift */,
			);
			name = ViewControllers;
			sourceTree = "<group>";
		};
		78955E251DFA304B0013928E /* Views */ = {
			isa = PBXGroup;
			children = (
				78BB010C1DF1268D00C655C1 /* LeaderboardTableViewCell.swift */,
				78955E281DFA3E2B0013928E /* ChallengeAnnotationView.swift */,
				78955E2F1DFA697B0013928E /* ChallengeAnnotationDetailView.swift */,
				78955E3E1DFADCEB0013928E /* SoloChallengesAnnotationView.swift */,
				78955E421DFAE18A0013928E /* SoloChallengesAnnotationDetailView.swift */,
				78955E461DFB3D2C0013928E /* FeedTableViewCell.swift */,
			);
			name = Views;
			sourceTree = "<group>";
		};
		78955E2A1DFA59B30013928E /* Storyboards */ = {
			isa = PBXGroup;
			children = (
				78BB00DD1DF0F37100C655C1 /* Main.storyboard */,
			);
			name = Storyboards;
			sourceTree = "<group>";
		};
		78955E391DFACAC50013928E /* Group Challenge */ = {
			isa = PBXGroup;
			children = (
				78955E331DFA8FC20013928E /* AttemptGroupChallengeViewController.swift */,
				78955E371DFAB50D0013928E /* GroupChallengeSettingsViewController.swift */,
				78955E3A1DFACAE50013928E /* GroupChallengeDateViewController.swift */,
			);
			name = "Group Challenge";
			sourceTree = "<group>";
		};
		78BB00CD1DF0F37100C655C1 = {
			isa = PBXGroup;
			children = (
				78BB00D81DF0F37100C655C1 /* Pelican */,
				78BB00ED1DF0F37100C655C1 /* PelicanTests */,
				78BB00D71DF0F37100C655C1 /* Products */,
				1DDD5A2ACB9DC54EC09E1D0A /* Pods */,
				229131DF0C0987D2AAEF0DFE /* Frameworks */,
			);
			sourceTree = "<group>";
		};
		78BB00D71DF0F37100C655C1 /* Products */ = {
			isa = PBXGroup;
			children = (
				78BB00D61DF0F37100C655C1 /* Pelican.app */,
				78BB00EA1DF0F37100C655C1 /* PelicanTests.xctest */,
			);
			name = Products;
			sourceTree = "<group>";
		};
		78BB00D81DF0F37100C655C1 /* Pelican */ = {
			isa = PBXGroup;
			children = (
				78955E2A1DFA59B30013928E /* Storyboards */,
				78955E251DFA304B0013928E /* Views */,
				78955E241DFA2FC30013928E /* ViewControllers */,
				78BB010E1DF130E600C655C1 /* AppData */,
				78BB00F91DF0F3AA00C655C1 /* SWRevealViewController */,
				78BB00D91DF0F37100C655C1 /* AppDelegate.swift */,
				78BB010A1DF106B300C655C1 /* SWRevealNavigationBar.swift */,
				78BB00E01DF0F37100C655C1 /* Assets.xcassets */,
				78BB00E21DF0F37100C655C1 /* LaunchScreen.storyboard */,
				78BB00E51DF0F37100C655C1 /* Info.plist */,
				78955E311DFA78B70013928E /* Constants.swift */,
			);
			path = Pelican;
			sourceTree = "<group>";
		};
		78BB00ED1DF0F37100C655C1 /* PelicanTests */ = {
			isa = PBXGroup;
			children = (
				78BB00EE1DF0F37100C655C1 /* PelicanTests.swift */,
				78BB00F01DF0F37100C655C1 /* Info.plist */,
			);
			path = PelicanTests;
			sourceTree = "<group>";
		};
		78BB00F91DF0F3AA00C655C1 /* SWRevealViewController */ = {
			isa = PBXGroup;
			children = (
				78BB00FD1DF0F3F700C655C1 /* SWRevealViewController.h */,
				78BB00FE1DF0F3F700C655C1 /* SWRevealViewController.m */,
				78BB00FA1DF0F3E500C655C1 /* LICENSE.txt */,
				78BB00FC1DF0F3F700C655C1 /* Pelican-Bridging-Header.h */,
			);
			name = SWRevealViewController;
			sourceTree = "<group>";
		};
		78BB010E1DF130E600C655C1 /* AppData */ = {
			isa = PBXGroup;
			children = (
				78BB010F1DF1310D00C655C1 /* AppData.swift */,
				78BB01111DF1318800C655C1 /* User.swift */,
				78955E221DFA27C50013928E /* Challenge.swift */,
				78955E261DFA32080013928E /* ChallengeAnnotation.swift */,
				78955E401DFADE100013928E /* SoloChallengesAnnotation.swift */,
				78955E441DFAF7100013928E /* FeedEntry.swift */,
			);
			name = AppData;
			sourceTree = "<group>";
		};
/* End PBXGroup section */

/* Begin PBXNativeTarget section */
		78BB00D51DF0F37100C655C1 /* Pelican */ = {
			isa = PBXNativeTarget;
			buildConfigurationList = 78BB00F31DF0F37100C655C1 /* Build configuration list for PBXNativeTarget "Pelican" */;
			buildPhases = (
				892FFA0756261F2630F4DC86 /* [CP] Check Pods Manifest.lock */,
				78BB00D21DF0F37100C655C1 /* Sources */,
				78BB00D31DF0F37100C655C1 /* Frameworks */,
				78BB00D41DF0F37100C655C1 /* Resources */,
				83D320EB861260517E7AF406 /* [CP] Embed Pods Frameworks */,
				E9E0138F5E131C6C07C099B9 /* [CP] Copy Pods Resources */,
			);
			buildRules = (
			);
			dependencies = (
			);
			name = Pelican;
			productName = Pelican;
			productReference = 78BB00D61DF0F37100C655C1 /* Pelican.app */;
			productType = "com.apple.product-type.application";
		};
		78BB00E91DF0F37100C655C1 /* PelicanTests */ = {
			isa = PBXNativeTarget;
			buildConfigurationList = 78BB00F61DF0F37100C655C1 /* Build configuration list for PBXNativeTarget "PelicanTests" */;
			buildPhases = (
				04D1A4556E9FBF517E8CFBF0 /* [CP] Check Pods Manifest.lock */,
				78BB00E61DF0F37100C655C1 /* Sources */,
				78BB00E71DF0F37100C655C1 /* Frameworks */,
				78BB00E81DF0F37100C655C1 /* Resources */,
				D9D6F37B89544CBA5F982418 /* [CP] Embed Pods Frameworks */,
				2B8F699E0CACB96D3DFCFC2E /* [CP] Copy Pods Resources */,
			);
			buildRules = (
			);
			dependencies = (
				78BB00EC1DF0F37100C655C1 /* PBXTargetDependency */,
			);
			name = PelicanTests;
			productName = PelicanTests;
			productReference = 78BB00EA1DF0F37100C655C1 /* PelicanTests.xctest */;
			productType = "com.apple.product-type.bundle.unit-test";
		};
/* End PBXNativeTarget section */

/* Begin PBXProject section */
		78BB00CE1DF0F37100C655C1 /* Project object */ = {
			isa = PBXProject;
			attributes = {
				LastSwiftUpdateCheck = 0810;
				LastUpgradeCheck = 0810;
				ORGANIZATIONNAME = Pelitech;
				TargetAttributes = {
					78BB00D51DF0F37100C655C1 = {
						CreatedOnToolsVersion = 8.1;
						DevelopmentTeam = 53C8MUKNT9;
						LastSwiftMigration = 0810;
						ProvisioningStyle = Automatic;
					};
					78BB00E91DF0F37100C655C1 = {
						CreatedOnToolsVersion = 8.1;
						ProvisioningStyle = Automatic;
						TestTargetID = 78BB00D51DF0F37100C655C1;
					};
				};
			};
			buildConfigurationList = 78BB00D11DF0F37100C655C1 /* Build configuration list for PBXProject "Pelican" */;
			compatibilityVersion = "Xcode 3.2";
			developmentRegion = English;
			hasScannedForEncodings = 0;
			knownRegions = (
				en,
				Base,
			);
			mainGroup = 78BB00CD1DF0F37100C655C1;
			productRefGroup = 78BB00D71DF0F37100C655C1 /* Products */;
			projectDirPath = "";
			projectRoot = "";
			targets = (
				78BB00D51DF0F37100C655C1 /* Pelican */,
				78BB00E91DF0F37100C655C1 /* PelicanTests */,
			);
		};
/* End PBXProject section */

/* Begin PBXResourcesBuildPhase section */
		78BB00D41DF0F37100C655C1 /* Resources */ = {
			isa = PBXResourcesBuildPhase;
			buildActionMask = 2147483647;
			files = (
				78BB00FB1DF0F3E500C655C1 /* LICENSE.txt in Resources */,
				78BB00E41DF0F37100C655C1 /* LaunchScreen.storyboard in Resources */,
				78BB00E11DF0F37100C655C1 /* Assets.xcassets in Resources */,
				78BB00DF1DF0F37100C655C1 /* Main.storyboard in Resources */,
			);
			runOnlyForDeploymentPostprocessing = 0;
		};
		78BB00E81DF0F37100C655C1 /* Resources */ = {
			isa = PBXResourcesBuildPhase;
			buildActionMask = 2147483647;
			files = (
			);
			runOnlyForDeploymentPostprocessing = 0;
		};
/* End PBXResourcesBuildPhase section */

/* Begin PBXShellScriptBuildPhase section */
		04D1A4556E9FBF517E8CFBF0 /* [CP] Check Pods Manifest.lock */ = {
			isa = PBXShellScriptBuildPhase;
			buildActionMask = 2147483647;
			files = (
			);
			inputPaths = (
			);
			name = "[CP] Check Pods Manifest.lock";
			outputPaths = (
			);
			runOnlyForDeploymentPostprocessing = 0;
			shellPath = /bin/sh;
			shellScript = "diff \"${PODS_ROOT}/../Podfile.lock\" \"${PODS_ROOT}/Manifest.lock\" > /dev/null\nif [ $? != 0 ] ; then\n    # print error to STDERR\n    echo \"error: The sandbox is not in sync with the Podfile.lock. Run 'pod install' or update your CocoaPods installation.\" >&2\n    exit 1\nfi\n";
			showEnvVarsInLog = 0;
		};
		2B8F699E0CACB96D3DFCFC2E /* [CP] Copy Pods Resources */ = {
			isa = PBXShellScriptBuildPhase;
			buildActionMask = 2147483647;
			files = (
			);
			inputPaths = (
			);
			name = "[CP] Copy Pods Resources";
			outputPaths = (
			);
			runOnlyForDeploymentPostprocessing = 0;
			shellPath = /bin/sh;
			shellScript = "\"${SRCROOT}/Pods/Target Support Files/Pods-PelicanTests/Pods-PelicanTests-resources.sh\"\n";
			showEnvVarsInLog = 0;
		};
		83D320EB861260517E7AF406 /* [CP] Embed Pods Frameworks */ = {
			isa = PBXShellScriptBuildPhase;
			buildActionMask = 2147483647;
			files = (
			);
			inputPaths = (
			);
			name = "[CP] Embed Pods Frameworks";
			outputPaths = (
			);
			runOnlyForDeploymentPostprocessing = 0;
			shellPath = /bin/sh;
			shellScript = "\"${SRCROOT}/Pods/Target Support Files/Pods-Pelican/Pods-Pelican-frameworks.sh\"\n";
			showEnvVarsInLog = 0;
		};
		892FFA0756261F2630F4DC86 /* [CP] Check Pods Manifest.lock */ = {
			isa = PBXShellScriptBuildPhase;
			buildActionMask = 2147483647;
			files = (
			);
			inputPaths = (
			);
			name = "[CP] Check Pods Manifest.lock";
			outputPaths = (
			);
			runOnlyForDeploymentPostprocessing = 0;
			shellPath = /bin/sh;
			shellScript = "diff \"${PODS_ROOT}/../Podfile.lock\" \"${PODS_ROOT}/Manifest.lock\" > /dev/null\nif [ $? != 0 ] ; then\n    # print error to STDERR\n    echo \"error: The sandbox is not in sync with the Podfile.lock. Run 'pod install' or update your CocoaPods installation.\" >&2\n    exit 1\nfi\n";
			showEnvVarsInLog = 0;
		};
		D9D6F37B89544CBA5F982418 /* [CP] Embed Pods Frameworks */ = {
			isa = PBXShellScriptBuildPhase;
			buildActionMask = 2147483647;
			files = (
			);
			inputPaths = (
			);
			name = "[CP] Embed Pods Frameworks";
			outputPaths = (
			);
			runOnlyForDeploymentPostprocessing = 0;
			shellPath = /bin/sh;
			shellScript = "\"${SRCROOT}/Pods/Target Support Files/Pods-PelicanTests/Pods-PelicanTests-frameworks.sh\"\n";
			showEnvVarsInLog = 0;
		};
		E9E0138F5E131C6C07C099B9 /* [CP] Copy Pods Resources */ = {
			isa = PBXShellScriptBuildPhase;
			buildActionMask = 2147483647;
			files = (
			);
			inputPaths = (
			);
			name = "[CP] Copy Pods Resources";
			outputPaths = (
			);
			runOnlyForDeploymentPostprocessing = 0;
			shellPath = /bin/sh;
			shellScript = "\"${SRCROOT}/Pods/Target Support Files/Pods-Pelican/Pods-Pelican-resources.sh\"\n";
			showEnvVarsInLog = 0;
		};
/* End PBXShellScriptBuildPhase section */

/* Begin PBXSourcesBuildPhase section */
		78BB00D21DF0F37100C655C1 /* Sources */ = {
			isa = PBXSourcesBuildPhase;
			buildActionMask = 2147483647;
			files = (
				78955E341DFA8FC20013928E /* AttemptGroupChallengeViewController.swift in Sources */,
				78BB010B1DF106B300C655C1 /* SWRevealNavigationBar.swift in Sources */,
				78955E321DFA78B70013928E /* Constants.swift in Sources */,
				78955E231DFA27C50013928E /* Challenge.swift in Sources */,
				78955E271DFA32080013928E /* ChallengeAnnotation.swift in Sources */,
				78955E431DFAE18A0013928E /* SoloChallengesAnnotationDetailView.swift in Sources */,
				78BB010D1DF1268D00C655C1 /* LeaderboardTableViewCell.swift in Sources */,
				78955E291DFA3E2B0013928E /* ChallengeAnnotationView.swift in Sources */,
				78955E411DFADE100013928E /* SoloChallengesAnnotation.swift in Sources */,
				78BB01011DF0F8A800C655C1 /* DiscoverViewController.swift in Sources */,
				78955E451DFAF7100013928E /* FeedEntry.swift in Sources */,
				78BB01031DF0FAAB00C655C1 /* FeedViewController.swift in Sources */,
				7821DB521DF21FBF008C81E2 /* ActiveChallengesViewController.swift in Sources */,
				78BB01071DF0FAC400C655C1 /* ProgressViewController.swift in Sources */,
				78BB00DA1DF0F37100C655C1 /* AppDelegate.swift in Sources */,
				78955E301DFA697B0013928E /* ChallengeAnnotationDetailView.swift in Sources */,
				78955E471DFB3D2C0013928E /* FeedTableViewCell.swift in Sources */,
				78955E361DFA8FD10013928E /* AttemptSoloChallengeViewController.swift in Sources */,
				78BB01051DF0FABA00C655C1 /* FriendsViewController.swift in Sources */,
				78955E3D1DFAD53A0013928E /* ChallengeAddedViewController.swift in Sources */,
				78BB00FF1DF0F3F700C655C1 /* SWRevealViewController.m in Sources */,
				78955E3F1DFADCEB0013928E /* SoloChallengesAnnotationView.swift in Sources */,
				7821DB561DF22DF8008C81E2 /* NavigationTableViewController.swift in Sources */,
				78955E3B1DFACAE50013928E /* GroupChallengeDateViewController.swift in Sources */,
				78955E381DFAB50D0013928E /* GroupChallengeSettingsViewController.swift in Sources */,
				78BB01121DF1318800C655C1 /* User.swift in Sources */,
				78BB01101DF1310D00C655C1 /* AppData.swift in Sources */,
			);
			runOnlyForDeploymentPostprocessing = 0;
		};
		78BB00E61DF0F37100C655C1 /* Sources */ = {
			isa = PBXSourcesBuildPhase;
			buildActionMask = 2147483647;
			files = (
				78BB00EF1DF0F37100C655C1 /* PelicanTests.swift in Sources */,
			);
			runOnlyForDeploymentPostprocessing = 0;
		};
/* End PBXSourcesBuildPhase section */

/* Begin PBXTargetDependency section */
		78BB00EC1DF0F37100C655C1 /* PBXTargetDependency */ = {
			isa = PBXTargetDependency;
			target = 78BB00D51DF0F37100C655C1 /* Pelican */;
			targetProxy = 78BB00EB1DF0F37100C655C1 /* PBXContainerItemProxy */;
		};
/* End PBXTargetDependency section */

/* Begin PBXVariantGroup section */
		78BB00DD1DF0F37100C655C1 /* Main.storyboard */ = {
			isa = PBXVariantGroup;
			children = (
				78BB00DE1DF0F37100C655C1 /* Base */,
			);
			name = Main.storyboard;
			sourceTree = "<group>";
		};
		78BB00E21DF0F37100C655C1 /* LaunchScreen.storyboard */ = {
			isa = PBXVariantGroup;
			children = (
				78BB00E31DF0F37100C655C1 /* Base */,
			);
			name = LaunchScreen.storyboard;
			sourceTree = "<group>";
		};
/* End PBXVariantGroup section */

/* Begin XCBuildConfiguration section */
		78BB00F11DF0F37100C655C1 /* Debug */ = {
			isa = XCBuildConfiguration;
			buildSettings = {
				ALWAYS_SEARCH_USER_PATHS = NO;
				CLANG_ANALYZER_NONNULL = YES;
				CLANG_CXX_LANGUAGE_STANDARD = "gnu++0x";
				CLANG_CXX_LIBRARY = "libc++";
				CLANG_ENABLE_MODULES = YES;
				CLANG_ENABLE_OBJC_ARC = YES;
				CLANG_WARN_BOOL_CONVERSION = YES;
				CLANG_WARN_CONSTANT_CONVERSION = YES;
				CLANG_WARN_DIRECT_OBJC_ISA_USAGE = YES_ERROR;
				CLANG_WARN_DOCUMENTATION_COMMENTS = YES;
				CLANG_WARN_EMPTY_BODY = YES;
				CLANG_WARN_ENUM_CONVERSION = YES;
				CLANG_WARN_INFINITE_RECURSION = YES;
				CLANG_WARN_INT_CONVERSION = YES;
				CLANG_WARN_OBJC_ROOT_CLASS = YES_ERROR;
				CLANG_WARN_SUSPICIOUS_MOVES = YES;
				CLANG_WARN_UNREACHABLE_CODE = YES;
				CLANG_WARN__DUPLICATE_METHOD_MATCH = YES;
				"CODE_SIGN_IDENTITY[sdk=iphoneos*]" = "iPhone Developer";
				COPY_PHASE_STRIP = NO;
				DEBUG_INFORMATION_FORMAT = dwarf;
				ENABLE_STRICT_OBJC_MSGSEND = YES;
				ENABLE_TESTABILITY = YES;
				GCC_C_LANGUAGE_STANDARD = gnu99;
				GCC_DYNAMIC_NO_PIC = NO;
				GCC_NO_COMMON_BLOCKS = YES;
				GCC_OPTIMIZATION_LEVEL = 0;
				GCC_PREPROCESSOR_DEFINITIONS = (
					"DEBUG=1",
					"$(inherited)",
				);
				GCC_WARN_64_TO_32_BIT_CONVERSION = YES;
				GCC_WARN_ABOUT_RETURN_TYPE = YES_ERROR;
				GCC_WARN_UNDECLARED_SELECTOR = YES;
				GCC_WARN_UNINITIALIZED_AUTOS = YES_AGGRESSIVE;
				GCC_WARN_UNUSED_FUNCTION = YES;
				GCC_WARN_UNUSED_VARIABLE = YES;
				IPHONEOS_DEPLOYMENT_TARGET = 10.1;
				MTL_ENABLE_DEBUG_INFO = YES;
				ONLY_ACTIVE_ARCH = YES;
				SDKROOT = iphoneos;
				SWIFT_ACTIVE_COMPILATION_CONDITIONS = DEBUG;
				SWIFT_OPTIMIZATION_LEVEL = "-Onone";
				TARGETED_DEVICE_FAMILY = "1,2";
			};
			name = Debug;
		};
		78BB00F21DF0F37100C655C1 /* Release */ = {
			isa = XCBuildConfiguration;
			buildSettings = {
				ALWAYS_SEARCH_USER_PATHS = NO;
				CLANG_ANALYZER_NONNULL = YES;
				CLANG_CXX_LANGUAGE_STANDARD = "gnu++0x";
				CLANG_CXX_LIBRARY = "libc++";
				CLANG_ENABLE_MODULES = YES;
				CLANG_ENABLE_OBJC_ARC = YES;
				CLANG_WARN_BOOL_CONVERSION = YES;
				CLANG_WARN_CONSTANT_CONVERSION = YES;
				CLANG_WARN_DIRECT_OBJC_ISA_USAGE = YES_ERROR;
				CLANG_WARN_DOCUMENTATION_COMMENTS = YES;
				CLANG_WARN_EMPTY_BODY = YES;
				CLANG_WARN_ENUM_CONVERSION = YES;
				CLANG_WARN_INFINITE_RECURSION = YES;
				CLANG_WARN_INT_CONVERSION = YES;
				CLANG_WARN_OBJC_ROOT_CLASS = YES_ERROR;
				CLANG_WARN_SUSPICIOUS_MOVES = YES;
				CLANG_WARN_UNREACHABLE_CODE = YES;
				CLANG_WARN__DUPLICATE_METHOD_MATCH = YES;
				"CODE_SIGN_IDENTITY[sdk=iphoneos*]" = "iPhone Developer";
				COPY_PHASE_STRIP = NO;
				DEBUG_INFORMATION_FORMAT = "dwarf-with-dsym";
				ENABLE_NS_ASSERTIONS = NO;
				ENABLE_STRICT_OBJC_MSGSEND = YES;
				GCC_C_LANGUAGE_STANDARD = gnu99;
				GCC_NO_COMMON_BLOCKS = YES;
				GCC_WARN_64_TO_32_BIT_CONVERSION = YES;
				GCC_WARN_ABOUT_RETURN_TYPE = YES_ERROR;
				GCC_WARN_UNDECLARED_SELECTOR = YES;
				GCC_WARN_UNINITIALIZED_AUTOS = YES_AGGRESSIVE;
				GCC_WARN_UNUSED_FUNCTION = YES;
				GCC_WARN_UNUSED_VARIABLE = YES;
				IPHONEOS_DEPLOYMENT_TARGET = 10.1;
				MTL_ENABLE_DEBUG_INFO = NO;
				SDKROOT = iphoneos;
				SWIFT_OPTIMIZATION_LEVEL = "-Owholemodule";
				TARGETED_DEVICE_FAMILY = "1,2";
				VALIDATE_PRODUCT = YES;
			};
			name = Release;
		};
		78BB00F41DF0F37100C655C1 /* Debug */ = {
			isa = XCBuildConfiguration;
			baseConfigurationReference = 3C7FBBD21C70C7564CCF9A7E /* Pods-Pelican.debug.xcconfig */;
			buildSettings = {
				ASSETCATALOG_COMPILER_APPICON_NAME = AppIcon;
				CLANG_ENABLE_MODULES = YES;
				DEVELOPMENT_TEAM = 53C8MUKNT9;
				INFOPLIST_FILE = Pelican/Info.plist;
				LD_RUNPATH_SEARCH_PATHS = "$(inherited) @executable_path/Frameworks";
				PRODUCT_BUNDLE_IDENTIFIER = com.pelitech.Pelican;
				PRODUCT_NAME = "$(TARGET_NAME)";
				SWIFT_OBJC_BRIDGING_HEADER = "Pelican/Pelican-Bridging-Header.h";
				SWIFT_OPTIMIZATION_LEVEL = "-Onone";
				SWIFT_VERSION = 3.0;
			};
			name = Debug;
		};
		78BB00F51DF0F37100C655C1 /* Release */ = {
			isa = XCBuildConfiguration;
			baseConfigurationReference = B885E4B1378310E05C5861D3 /* Pods-Pelican.release.xcconfig */;
			buildSettings = {
				ASSETCATALOG_COMPILER_APPICON_NAME = AppIcon;
				CLANG_ENABLE_MODULES = YES;
				DEVELOPMENT_TEAM = 53C8MUKNT9;
				INFOPLIST_FILE = Pelican/Info.plist;
				LD_RUNPATH_SEARCH_PATHS = "$(inherited) @executable_path/Frameworks";
				PRODUCT_BUNDLE_IDENTIFIER = com.pelitech.Pelican;
				PRODUCT_NAME = "$(TARGET_NAME)";
				SWIFT_OBJC_BRIDGING_HEADER = "Pelican/Pelican-Bridging-Header.h";
				SWIFT_VERSION = 3.0;
			};
			name = Release;
		};
		78BB00F71DF0F37100C655C1 /* Debug */ = {
			isa = XCBuildConfiguration;
			baseConfigurationReference = 2EEEFE5FFCC908C54CDA0366 /* Pods-PelicanTests.debug.xcconfig */;
			buildSettings = {
				ALWAYS_EMBED_SWIFT_STANDARD_LIBRARIES = YES;
				BUNDLE_LOADER = "$(TEST_HOST)";
				INFOPLIST_FILE = PelicanTests/Info.plist;
				LD_RUNPATH_SEARCH_PATHS = "$(inherited) @executable_path/Frameworks @loader_path/Frameworks";
				PRODUCT_BUNDLE_IDENTIFIER = com.pelitech.PelicanTests;
				PRODUCT_NAME = "$(TARGET_NAME)";
				SWIFT_VERSION = 3.0;
				TEST_HOST = "$(BUILT_PRODUCTS_DIR)/Pelican.app/Pelican";
			};
			name = Debug;
		};
		78BB00F81DF0F37100C655C1 /* Release */ = {
			isa = XCBuildConfiguration;
			baseConfigurationReference = D48F24D1F64ACBAB3293E2BA /* Pods-PelicanTests.release.xcconfig */;
			buildSettings = {
				ALWAYS_EMBED_SWIFT_STANDARD_LIBRARIES = YES;
				BUNDLE_LOADER = "$(TEST_HOST)";
				INFOPLIST_FILE = PelicanTests/Info.plist;
				LD_RUNPATH_SEARCH_PATHS = "$(inherited) @executable_path/Frameworks @loader_path/Frameworks";
				PRODUCT_BUNDLE_IDENTIFIER = com.pelitech.PelicanTests;
				PRODUCT_NAME = "$(TARGET_NAME)";
				SWIFT_VERSION = 3.0;
				TEST_HOST = "$(BUILT_PRODUCTS_DIR)/Pelican.app/Pelican";
			};
			name = Release;
		};
/* End XCBuildConfiguration section */

/* Begin XCConfigurationList section */
		78BB00D11DF0F37100C655C1 /* Build configuration list for PBXProject "Pelican" */ = {
			isa = XCConfigurationList;
			buildConfigurations = (
				78BB00F11DF0F37100C655C1 /* Debug */,
				78BB00F21DF0F37100C655C1 /* Release */,
			);
			defaultConfigurationIsVisible = 0;
			defaultConfigurationName = Release;
		};
		78BB00F31DF0F37100C655C1 /* Build configuration list for PBXNativeTarget "Pelican" */ = {
			isa = XCConfigurationList;
			buildConfigurations = (
				78BB00F41DF0F37100C655C1 /* Debug */,
				78BB00F51DF0F37100C655C1 /* Release */,
			);
			defaultConfigurationIsVisible = 0;
			defaultConfigurationName = Release;
		};
		78BB00F61DF0F37100C655C1 /* Build configuration list for PBXNativeTarget "PelicanTests" */ = {
			isa = XCConfigurationList;
			buildConfigurations = (
				78BB00F71DF0F37100C655C1 /* Debug */,
				78BB00F81DF0F37100C655C1 /* Release */,
			);
			defaultConfigurationIsVisible = 0;
			defaultConfigurationName = Release;
		};
/* End XCConfigurationList section */
	};
	rootObject = 78BB00CE1DF0F37100C655C1 /* Project object */;
}
